// !$*UTF8*$!
{
	archiveVersion = 1;
	classes = {
	};
	objectVersion = 50;
	objects = {

/* Begin PBXBuildFile section */
		A832E9D025655B7A0061B5BE /* ApiClient.swift in Sources */ = {isa = PBXBuildFile; fileRef = A832E9CF25655B7A0061B5BE /* ApiClient.swift */; };
		A8D995602563F2AE00769E46 /* AppDelegate.swift in Sources */ = {isa = PBXBuildFile; fileRef = A8D9955F2563F2AD00769E46 /* AppDelegate.swift */; };
		A8D995622563F2AE00769E46 /* SceneDelegate.swift in Sources */ = {isa = PBXBuildFile; fileRef = A8D995612563F2AE00769E46 /* SceneDelegate.swift */; };
		A8D995672563F2AE00769E46 /* Main.storyboard in Resources */ = {isa = PBXBuildFile; fileRef = A8D995652563F2AE00769E46 /* Main.storyboard */; };
		A8D995692563F2B100769E46 /* Assets.xcassets in Resources */ = {isa = PBXBuildFile; fileRef = A8D995682563F2B100769E46 /* Assets.xcassets */; };
		A8D9956C2563F2B100769E46 /* LaunchScreen.storyboard in Resources */ = {isa = PBXBuildFile; fileRef = A8D9956A2563F2B100769E46 /* LaunchScreen.storyboard */; };
		A8D9957D2563F60D00769E46 /* PlayersViewController.swift in Sources */ = {isa = PBXBuildFile; fileRef = A8D9957C2563F60D00769E46 /* PlayersViewController.swift */; };
		A8D9958225640F9000769E46 /* PlayerDitailsViewController.swift in Sources */ = {isa = PBXBuildFile; fileRef = A8D9958125640F9000769E46 /* PlayerDitailsViewController.swift */; };
		A8D99586256425FE00769E46 /* Player.swift in Sources */ = {isa = PBXBuildFile; fileRef = A8D99585256425FE00769E46 /* Player.swift */; };
		A8D9958925645E7000769E46 /* TeamDitailsViewController.swift in Sources */ = {isa = PBXBuildFile; fileRef = A8D9958825645E7000769E46 /* TeamDitailsViewController.swift */; };
		A8D9958C25645EF100769E46 /* Team.swift in Sources */ = {isa = PBXBuildFile; fileRef = A8D9958B25645EF100769E46 /* Team.swift */; };
/* End PBXBuildFile section */

/* Begin PBXFileReference section */
		A832E9CF25655B7A0061B5BE /* ApiClient.swift */ = {isa = PBXFileReference; lastKnownFileType = sourcecode.swift; path = ApiClient.swift; sourceTree = "<group>"; };
		A8D9955C2563F2AD00769E46 /* NBAPlayers.app */ = {isa = PBXFileReference; explicitFileType = wrapper.application; includeInIndex = 0; path = NBAPlayers.app; sourceTree = BUILT_PRODUCTS_DIR; };
		A8D9955F2563F2AD00769E46 /* AppDelegate.swift */ = {isa = PBXFileReference; lastKnownFileType = sourcecode.swift; path = AppDelegate.swift; sourceTree = "<group>"; };
		A8D995612563F2AE00769E46 /* SceneDelegate.swift */ = {isa = PBXFileReference; lastKnownFileType = sourcecode.swift; path = SceneDelegate.swift; sourceTree = "<group>"; };
		A8D995662563F2AE00769E46 /* Base */ = {isa = PBXFileReference; lastKnownFileType = file.storyboard; name = Base; path = Base.lproj/Main.storyboard; sourceTree = "<group>"; };
		A8D995682563F2B100769E46 /* Assets.xcassets */ = {isa = PBXFileReference; lastKnownFileType = folder.assetcatalog; path = Assets.xcassets; sourceTree = "<group>"; };
		A8D9956B2563F2B100769E46 /* Base */ = {isa = PBXFileReference; lastKnownFileType = file.storyboard; name = Base; path = Base.lproj/LaunchScreen.storyboard; sourceTree = "<group>"; };
		A8D9956D2563F2B100769E46 /* Info.plist */ = {isa = PBXFileReference; lastKnownFileType = text.plist.xml; path = Info.plist; sourceTree = "<group>"; };
		A8D9957C2563F60D00769E46 /* PlayersViewController.swift */ = {isa = PBXFileReference; lastKnownFileType = sourcecode.swift; path = PlayersViewController.swift; sourceTree = "<group>"; };
		A8D9958125640F9000769E46 /* PlayerDitailsViewController.swift */ = {isa = PBXFileReference; lastKnownFileType = sourcecode.swift; path = PlayerDitailsViewController.swift; sourceTree = "<group>"; };
		A8D99585256425FE00769E46 /* Player.swift */ = {isa = PBXFileReference; lastKnownFileType = sourcecode.swift; path = Player.swift; sourceTree = "<group>"; };
		A8D9958825645E7000769E46 /* TeamDitailsViewController.swift */ = {isa = PBXFileReference; lastKnownFileType = sourcecode.swift; path = TeamDitailsViewController.swift; sourceTree = "<group>"; };
		A8D9958B25645EF100769E46 /* Team.swift */ = {isa = PBXFileReference; lastKnownFileType = sourcecode.swift; path = Team.swift; sourceTree = "<group>"; };
/* End PBXFileReference section */

/* Begin PBXFrameworksBuildPhase section */
		A8D995592563F2AD00769E46 /* Frameworks */ = {
			isa = PBXFrameworksBuildPhase;
			buildActionMask = 2147483647;
			files = (
			);
			runOnlyForDeploymentPostprocessing = 0;
		};
/* End PBXFrameworksBuildPhase section */

/* Begin PBXGroup section */
		A8D995532563F2AD00769E46 = {
			isa = PBXGroup;
			children = (
				A8D9955E2563F2AD00769E46 /* NBAPlayers */,
				A8D9955D2563F2AD00769E46 /* Products */,
			);
			sourceTree = "<group>";
		};
		A8D9955D2563F2AD00769E46 /* Products */ = {
			isa = PBXGroup;
			children = (
				A8D9955C2563F2AD00769E46 /* NBAPlayers.app */,
			);
			name = Products;
			sourceTree = "<group>";
		};
		A8D9955E2563F2AD00769E46 /* NBAPlayers */ = {
			isa = PBXGroup;
			children = (
				A8D9955F2563F2AD00769E46 /* AppDelegate.swift */,
				A8D995612563F2AE00769E46 /* SceneDelegate.swift */,
				A8D9957C2563F60D00769E46 /* PlayersViewController.swift */,
				A8D9958125640F9000769E46 /* PlayerDitailsViewController.swift */,
				A8D9958825645E7000769E46 /* TeamDitailsViewController.swift */,
				A8D995652563F2AE00769E46 /* Main.storyboard */,
				A8D995682563F2B100769E46 /* Assets.xcassets */,
				A8D9956A2563F2B100769E46 /* LaunchScreen.storyboard */,
				A8D9956D2563F2B100769E46 /* Info.plist */,
				A8D99585256425FE00769E46 /* Player.swift */,
				A8D9958B25645EF100769E46 /* Team.swift */,
				A832E9CF25655B7A0061B5BE /* ApiClient.swift */,
			);
			path = NBAPlayers;
			sourceTree = "<group>";
		};
/* End PBXGroup section */

/* Begin PBXNativeTarget section */
		A8D9955B2563F2AD00769E46 /* NBAPlayers */ = {
			isa = PBXNativeTarget;
			buildConfigurationList = A8D995702563F2B100769E46 /* Build configuration list for PBXNativeTarget "NBAPlayers" */;
			buildPhases = (
				A8D995582563F2AD00769E46 /* Sources */,
				A8D995592563F2AD00769E46 /* Frameworks */,
				A8D9955A2563F2AD00769E46 /* Resources */,
			);
			buildRules = (
			);
			dependencies = (
			);
			name = NBAPlayers;
			productName = NBAPlayers;
			productReference = A8D9955C2563F2AD00769E46 /* NBAPlayers.app */;
			productType = "com.apple.product-type.application";
		};
/* End PBXNativeTarget section */

/* Begin PBXProject section */
		A8D995542563F2AD00769E46 /* Project object */ = {
			isa = PBXProject;
			attributes = {
				LastSwiftUpdateCheck = 1220;
				LastUpgradeCheck = 1220;
				TargetAttributes = {
					A8D9955B2563F2AD00769E46 = {
						CreatedOnToolsVersion = 12.2;
					};
				};
			};
			buildConfigurationList = A8D995572563F2AD00769E46 /* Build configuration list for PBXProject "NBAPlayers" */;
			compatibilityVersion = "Xcode 9.3";
			developmentRegion = en;
			hasScannedForEncodings = 0;
			knownRegions = (
				en,
				Base,
			);
			mainGroup = A8D995532563F2AD00769E46;
			productRefGroup = A8D9955D2563F2AD00769E46 /* Products */;
			projectDirPath = "";
			projectRoot = "";
			targets = (
				A8D9955B2563F2AD00769E46 /* NBAPlayers */,
			);
		};
/* End PBXProject section */

/* Begin PBXResourcesBuildPhase section */
		A8D9955A2563F2AD00769E46 /* Resources */ = {
			isa = PBXResourcesBuildPhase;
			buildActionMask = 2147483647;
			files = (
				A8D9956C2563F2B100769E46 /* LaunchScreen.storyboard in Resources */,
				A8D995692563F2B100769E46 /* Assets.xcassets in Resources */,
				A8D995672563F2AE00769E46 /* Main.storyboard in Resources */,
			);
			runOnlyForDeploymentPostprocessing = 0;
		};
/* End PBXResourcesBuildPhase section */

/* Begin PBXSourcesBuildPhase section */
		A8D995582563F2AD00769E46 /* Sources */ = {
			isa = PBXSourcesBuildPhase;
			buildActionMask = 2147483647;
			files = (
				A8D9957D2563F60D00769E46 /* PlayersViewController.swift in Sources */,
				A8D995602563F2AE00769E46 /* AppDelegate.swift in Sources */,
				A8D9958C25645EF100769E46 /* Team.swift in Sources */,
				A832E9D025655B7A0061B5BE /* ApiClient.swift in Sources */,
				A8D9958925645E7000769E46 /* TeamDitailsViewController.swift in Sources */,
				A8D9958225640F9000769E46 /* PlayerDitailsViewController.swift in Sources */,
				A8D99586256425FE00769E46 /* Player.swift in Sources */,
				A8D995622563F2AE00769E46 /* SceneDelegate.swift in Sources */,
			);
			runOnlyForDeploymentPostprocessing = 0;
		};
/* End PBXSourcesBuildPhase section */

/* Begin PBXVariantGroup section */
		A8D995652563F2AE00769E46 /* Main.storyboard */ = {
			isa = PBXVariantGroup;
			children = (
				A8D995662563F2AE00769E46 /* Base */,
			);
			name = Main.storyboard;
			sourceTree = "<group>";
		};
		A8D9956A2563F2B100769E46 /* LaunchScreen.storyboard */ = {
			isa = PBXVariantGroup;
			children = (
				A8D9956B2563F2B100769E46 /* Base */,
			);
			name = LaunchScreen.storyboard;
			sourceTree = "<group>";
		};
/* End PBXVariantGroup section */

/* Begin XCBuildConfiguration section */
		A8D9956E2563F2B100769E46 /* Debug */ = {
			isa = XCBuildConfiguration;
			buildSettings = {
				ALWAYS_SEARCH_USER_PATHS = NO;
				CLANG_ANALYZER_NONNULL = YES;
				CLANG_ANALYZER_NUMBER_OBJECT_CONVERSION = YES_AGGRESSIVE;
				CLANG_CXX_LANGUAGE_STANDARD = "gnu++14";
				CLANG_CXX_LIBRARY = "libc++";
				CLANG_ENABLE_MODULES = YES;
				CLANG_ENABLE_OBJC_ARC = YES;
				CLANG_ENABLE_OBJC_WEAK = YES;
				CLANG_WARN_BLOCK_CAPTURE_AUTORELEASING = YES;
				CLANG_WARN_BOOL_CONVERSION = YES;
				CLANG_WARN_COMMA = YES;
				CLANG_WARN_CONSTANT_CONVERSION = YES;
				CLANG_WARN_DEPRECATED_OBJC_IMPLEMENTATIONS = YES;
				CLANG_WARN_DIRECT_OBJC_ISA_USAGE = YES_ERROR;
				CLANG_WARN_DOCUMENTATION_COMMENTS = YES;
				CLANG_WARN_EMPTY_BODY = YES;
				CLANG_WARN_ENUM_CONVERSION = YES;
				CLANG_WARN_INFINITE_RECURSION = YES;
				CLANG_WARN_INT_CONVERSION = YES;
				CLANG_WARN_NON_LITERAL_NULL_CONVERSION = YES;
				CLANG_WARN_OBJC_IMPLICIT_RETAIN_SELF = YES;
				CLANG_WARN_OBJC_LITERAL_CONVERSION = YES;
				CLANG_WARN_OBJC_ROOT_CLASS = YES_ERROR;
				CLANG_WARN_QUOTED_INCLUDE_IN_FRAMEWORK_HEADER = YES;
				CLANG_WARN_RANGE_LOOP_ANALYSIS = YES;
				CLANG_WARN_STRICT_PROTOTYPES = YES;
				CLANG_WARN_SUSPICIOUS_MOVE = YES;
				CLANG_WARN_UNGUARDED_AVAILABILITY = YES_AGGRESSIVE;
				CLANG_WARN_UNREACHABLE_CODE = YES;
				CLANG_WARN__DUPLICATE_METHOD_MATCH = YES;
				COPY_PHASE_STRIP = NO;
				DEBUG_INFORMATION_FORMAT = dwarf;
				ENABLE_STRICT_OBJC_MSGSEND = YES;
				ENABLE_TESTABILITY = YES;
				GCC_C_LANGUAGE_STANDARD = gnu11;
				GCC_DYNAMIC_NO_PIC = NO;
				GCC_NO_COMMON_BLOCKS = YES;
				GCC_OPTIMIZATION_LEVEL = 0;
				GCC_PREPROCESSOR_DEFINITIONS = (
					"DEBUG=1",
					"$(inherited)",
				);
				GCC_WARN_64_TO_32_BIT_CONVERSION = YES;
				GCC_WARN_ABOUT_RETURN_TYPE = YES_ERROR;
				GCC_WARN_UNDECLARED_SELECTOR = YES;
				GCC_WARN_UNINITIALIZED_AUTOS = YES_AGGRESSIVE;
				GCC_WARN_UNUSED_FUNCTION = YES;
				GCC_WARN_UNUSED_VARIABLE = YES;
				IPHONEOS_DEPLOYMENT_TARGET = 14.2;
				MTL_ENABLE_DEBUG_INFO = INCLUDE_SOURCE;
				MTL_FAST_MATH = YES;
				ONLY_ACTIVE_ARCH = YES;
				SDKROOT = iphoneos;
				SWIFT_ACTIVE_COMPILATION_CONDITIONS = DEBUG;
				SWIFT_OPTIMIZATION_LEVEL = "-Onone";
			};
			name = Debug;
		};
		A8D9956F2563F2B100769E46 /* Release */ = {
			isa = XCBuildConfiguration;
			buildSettings = {
				ALWAYS_SEARCH_USER_PATHS = NO;
				CLANG_ANALYZER_NONNULL = YES;
				CLANG_ANALYZER_NUMBER_OBJECT_CONVERSION = YES_AGGRESSIVE;
				CLANG_CXX_LANGUAGE_STANDARD = "gnu++14";
				CLANG_CXX_LIBRARY = "libc++";
				CLANG_ENABLE_MODULES = YES;
				CLANG_ENABLE_OBJC_ARC = YES;
				CLANG_ENABLE_OBJC_WEAK = YES;
				CLANG_WARN_BLOCK_CAPTURE_AUTORELEASING = YES;
				CLANG_WARN_BOOL_CONVERSION = YES;
				CLANG_WARN_COMMA = YES;
				CLANG_WARN_CONSTANT_CONVERSION = YES;
				CLANG_WARN_DEPRECATED_OBJC_IMPLEMENTATIONS = YES;
				CLANG_WARN_DIRECT_OBJC_ISA_USAGE = YES_ERROR;
				CLANG_WARN_DOCUMENTATION_COMMENTS = YES;
				CLANG_WARN_EMPTY_BODY = YES;
				CLANG_WARN_ENUM_CONVERSION = YES;
				CLANG_WARN_INFINITE_RECURSION = YES;
				CLANG_WARN_INT_CONVERSION = YES;
				CLANG_WARN_NON_LITERAL_NULL_CONVERSION = YES;
				CLANG_WARN_OBJC_IMPLICIT_RETAIN_SELF = YES;
				CLANG_WARN_OBJC_LITERAL_CONVERSION = YES;
				CLANG_WARN_OBJC_ROOT_CLASS = YES_ERROR;
				CLANG_WARN_QUOTED_INCLUDE_IN_FRAMEWORK_HEADER = YES;
				CLANG_WARN_RANGE_LOOP_ANALYSIS = YES;
				CLANG_WARN_STRICT_PROTOTYPES = YES;
				CLANG_WARN_SUSPICIOUS_MOVE = YES;
				CLANG_WARN_UNGUARDED_AVAILABILITY = YES_AGGRESSIVE;
				CLANG_WARN_UNREACHABLE_CODE = YES;
				CLANG_WARN__DUPLICATE_METHOD_MATCH = YES;
				COPY_PHASE_STRIP = NO;
				DEBUG_INFORMATION_FORMAT = "dwarf-with-dsym";
				ENABLE_NS_ASSERTIONS = NO;
				ENABLE_STRICT_OBJC_MSGSEND = YES;
				GCC_C_LANGUAGE_STANDARD = gnu11;
				GCC_NO_COMMON_BLOCKS = YES;
				GCC_WARN_64_TO_32_BIT_CONVERSION = YES;
				GCC_WARN_ABOUT_RETURN_TYPE = YES_ERROR;
				GCC_WARN_UNDECLARED_SELECTOR = YES;
				GCC_WARN_UNINITIALIZED_AUTOS = YES_AGGRESSIVE;
				GCC_WARN_UNUSED_FUNCTION = YES;
				GCC_WARN_UNUSED_VARIABLE = YES;
				IPHONEOS_DEPLOYMENT_TARGET = 14.2;
				MTL_ENABLE_DEBUG_INFO = NO;
				MTL_FAST_MATH = YES;
				SDKROOT = iphoneos;
				SWIFT_COMPILATION_MODE = wholemodule;
				SWIFT_OPTIMIZATION_LEVEL = "-O";
				VALIDATE_PRODUCT = YES;
			};
			name = Release;
		};
		A8D995712563F2B100769E46 /* Debug */ = {
			isa = XCBuildConfiguration;
			buildSettings = {
				ASSETCATALOG_COMPILER_APPICON_NAME = AppIcon;
				ASSETCATALOG_COMPILER_GLOBAL_ACCENT_COLOR_NAME = AccentColor;
				CODE_SIGN_STYLE = Automatic;
				DEVELOPMENT_TEAM = K3BWCY8G6P;
				INFOPLIST_FILE = NBAPlayers/Info.plist;
				LD_RUNPATH_SEARCH_PATHS = (
					"$(inherited)",
					"@executable_path/Frameworks",
				);
				PRODUCT_BUNDLE_IDENTIFIER = ru.nskn.NBAPlayers;
				PRODUCT_NAME = "$(TARGET_NAME)";
				SWIFT_VERSION = 5.0;
				TARGETED_DEVICE_FAMILY = "1,2";
			};
			name = Debug;
		};
		A8D995722563F2B100769E46 /* Release */ = {
			isa = XCBuildConfiguration;
			buildSettings = {
				ASSETCATALOG_COMPILER_APPICON_NAME = AppIcon;
				ASSETCATALOG_COMPILER_GLOBAL_ACCENT_COLOR_NAME = AccentColor;
				CODE_SIGN_STYLE = Automatic;
				DEVELOPMENT_TEAM = K3BWCY8G6P;
				INFOPLIST_FILE = NBAPlayers/Info.plist;
				LD_RUNPATH_SEARCH_PATHS = (
					"$(inherited)",
					"@executable_path/Frameworks",
				);
				PRODUCT_BUNDLE_IDENTIFIER = ru.nskn.NBAPlayers;
				PRODUCT_NAME = "$(TARGET_NAME)";
				SWIFT_VERSION = 5.0;
				TARGETED_DEVICE_FAMILY = "1,2";
			};
			name = Release;
		};
/* End XCBuildConfiguration section */

/* Begin XCConfigurationList section */
		A8D995572563F2AD00769E46 /* Build configuration list for PBXProject "NBAPlayers" */ = {
			isa = XCConfigurationList;
			buildConfigurations = (
				A8D9956E2563F2B100769E46 /* Debug */,
				A8D9956F2563F2B100769E46 /* Release */,
			);
			defaultConfigurationIsVisible = 0;
			defaultConfigurationName = Release;
		};
		A8D995702563F2B100769E46 /* Build configuration list for PBXNativeTarget "NBAPlayers" */ = {
			isa = XCConfigurationList;
			buildConfigurations = (
				A8D995712563F2B100769E46 /* Debug */,
				A8D995722563F2B100769E46 /* Release */,
			);
			defaultConfigurationIsVisible = 0;
			defaultConfigurationName = Release;
		};
/* End XCConfigurationList section */
	};
	rootObject = A8D995542563F2AD00769E46 /* Project object */;
}
